
Microsoft Visual Studio Solution File, Format Version 12.00
# Visual Studio Version 16
VisualStudioVersion = 16.0.30503.244
MinimumVisualStudioVersion = 10.0.40219.1
Project("{FAE04EC0-301F-11D3-BF4B-00C04F79EFBC}") = "AluguelDeQuartos", "AluguelDeQuartos\AluguelDeQuartos.csproj", "{3986C50E-98FD-44A9-AB36-973CBE6A055A}"
EndProject
Global
	GlobalSection(SolutionConfigurationPlatforms) = preSolution
		Debug|Any CPU = Debug|Any CPU
		Release|Any CPU = Release|Any CPU
	EndGlobalSection
	GlobalSection(ProjectConfigurationPlatforms) = postSolution
		{3986C50E-98FD-44A9-AB36-973CBE6A055A}.Debug|Any CPU.ActiveCfg = Debug|Any CPU
		{3986C50E-98FD-44A9-AB36-973CBE6A055A}.Debug|Any CPU.Build.0 = Debug|Any CPU
		{3986C50E-98FD-44A9-AB36-973CBE6A055A}.Release|Any CPU.ActiveCfg = Release|Any CPU
		{3986C50E-98FD-44A9-AB36-973CBE6A055A}.Release|Any CPU.Build.0 = Release|Any CPU
	EndGlobalSection
	GlobalSection(SolutionProperties) = preSolution
		HideSolutionNode = FALSE
	EndGlobalSection
	GlobalSection(ExtensibilityGlobals) = postSolution
		SolutionGuid = {84382DD2-1D86-4CB0-AF12-0DF00EC6A1EB}
	EndGlobalSection
EndGlobal
