
Microsoft Visual Studio Solution File, Format Version 12.00
# Visual Studio Version 16
VisualStudioVersion = 16.0.30503.244
MinimumVisualStudioVersion = 10.0.40219.1
Project("{FAE04EC0-301F-11D3-BF4B-00C04F79EFBC}") = "Conjuntos", "Conjuntos\Conjuntos.csproj", "{D5D4FCAE-E7A0-4674-ABA0-E67FE3D51EFA}"
EndProject
Global
	GlobalSection(SolutionConfigurationPlatforms) = preSolution
		Debug|Any CPU = Debug|Any CPU
		Release|Any CPU = Release|Any CPU
	EndGlobalSection
	GlobalSection(ProjectConfigurationPlatforms) = postSolution
		{D5D4FCAE-E7A0-4674-ABA0-E67FE3D51EFA}.Debug|Any CPU.ActiveCfg = Debug|Any CPU
		{D5D4FCAE-E7A0-4674-ABA0-E67FE3D51EFA}.Debug|Any CPU.Build.0 = Debug|Any CPU
		{D5D4FCAE-E7A0-4674-ABA0-E67FE3D51EFA}.Release|Any CPU.ActiveCfg = Release|Any CPU
		{D5D4FCAE-E7A0-4674-ABA0-E67FE3D51EFA}.Release|Any CPU.Build.0 = Release|Any CPU
	EndGlobalSection
	GlobalSection(SolutionProperties) = preSolution
		HideSolutionNode = FALSE
	EndGlobalSection
	GlobalSection(ExtensibilityGlobals) = postSolution
		SolutionGuid = {A1509346-BB79-4682-93FC-4B58E81749FD}
	EndGlobalSection
EndGlobal
