
Microsoft Visual Studio Solution File, Format Version 12.00
# Visual Studio Version 16
VisualStudioVersion = 16.0.30503.244
MinimumVisualStudioVersion = 10.0.40219.1
Project("{FAE04EC0-301F-11D3-BF4B-00C04F79EFBC}") = "ReservaHotelExcecoesPersonalizada", "ReservaHotelExcecoesPersonalizada\ReservaHotelExcecoesPersonalizada.csproj", "{10C78422-D4A9-4099-B238-568CE5E80A0D}"
EndProject
Global
	GlobalSection(SolutionConfigurationPlatforms) = preSolution
		Debug|Any CPU = Debug|Any CPU
		Release|Any CPU = Release|Any CPU
	EndGlobalSection
	GlobalSection(ProjectConfigurationPlatforms) = postSolution
		{10C78422-D4A9-4099-B238-568CE5E80A0D}.Debug|Any CPU.ActiveCfg = Debug|Any CPU
		{10C78422-D4A9-4099-B238-568CE5E80A0D}.Debug|Any CPU.Build.0 = Debug|Any CPU
		{10C78422-D4A9-4099-B238-568CE5E80A0D}.Release|Any CPU.ActiveCfg = Release|Any CPU
		{10C78422-D4A9-4099-B238-568CE5E80A0D}.Release|Any CPU.Build.0 = Release|Any CPU
	EndGlobalSection
	GlobalSection(SolutionProperties) = preSolution
		HideSolutionNode = FALSE
	EndGlobalSection
	GlobalSection(ExtensibilityGlobals) = postSolution
		SolutionGuid = {8F5771C2-3432-4A41-940B-0CC4CA539F70}
	EndGlobalSection
EndGlobal
